
Microsoft Visual Studio Solution File, Format Version 12.00
# Visual Studio 15
VisualStudioVersion = 15.0.27703.2047
MinimumVisualStudioVersion = 10.0.40219.1
Project("{FAE04EC0-301F-11D3-BF4B-00C04F79EFBC}") = "MITT_Portflio", "MITT_Portflio\MITT_Portflio.csproj", "{9AB97EE1-4848-4EE6-80E3-66710D50CA5B}"
EndProject
Global
	GlobalSection(SolutionConfigurationPlatforms) = preSolution
		Debug|Any CPU = Debug|Any CPU
		Release|Any CPU = Release|Any CPU
	EndGlobalSection
	GlobalSection(ProjectConfigurationPlatforms) = postSolution
		{9AB97EE1-4848-4EE6-80E3-66710D50CA5B}.Debug|Any CPU.ActiveCfg = Debug|Any CPU
		{9AB97EE1-4848-4EE6-80E3-66710D50CA5B}.Debug|Any CPU.Build.0 = Debug|Any CPU
		{9AB97EE1-4848-4EE6-80E3-66710D50CA5B}.Release|Any CPU.ActiveCfg = Release|Any CPU
		{9AB97EE1-4848-4EE6-80E3-66710D50CA5B}.Release|Any CPU.Build.0 = Release|Any CPU
	EndGlobalSection
	GlobalSection(SolutionProperties) = preSolution
		HideSolutionNode = FALSE
	EndGlobalSection
	GlobalSection(ExtensibilityGlobals) = postSolution
		SolutionGuid = {F326FC1F-FBB0-4284-98ED-DCC0D6EC002D}
	EndGlobalSection
EndGlobal
